{
  "name": "banando.loc",
  "version": "1.0.0",
  "lockfileVersion": 1,
  "requires": true,
  "dependencies": {
    "jquery": {
      "version": "3.4.1",
      "resolved": "https://registry.npmjs.org/jquery/-/jquery-3.4.1.tgz",
      "integrity": "sha512-36+AdBzCL+y6qjw5Tx7HgzeGCzC81MDDgaUP8ld2zhx58HdqXGoBd+tHdrBMiyjGQs0Hxs/MLZTu/eHNJJuWPw=="
    },
    "maskedinput": {
      "version": "3.3.11",
      "resolved": "https://registry.npmjs.org/maskedinput/-/maskedinput-3.3.11.tgz",
      "integrity": "sha512-zoCFNzM1S44+9pfNcbCxk/TVrkqCxjvkpzQR6tGyVUsvnjoCUTb0w5TeZNR7PRQpnK6hZrIWqt6zJvd/fzUWmA=="
    },
    "nouislider": {
      "version": "14.0.2",
      "resolved": "https://registry.npmjs.org/nouislider/-/nouislider-14.0.2.tgz",
      "integrity": "sha512-N4AQStV4frh+XcLUwMI/hZpBP6tRboDE/4LZ7gzfxMVXFi/2J9URphnm40Ff4KEyrAVGSGaWApvljoMzTNWBlA=="
    }
  }
}
